
Microsoft Visual Studio Solution File, Format Version 12.00
# Visual Studio Version 17
VisualStudioVersion = 17.8.34408.163
MinimumVisualStudioVersion = 10.0.40219.1
Project("{9A19103F-16F7-4668-BE54-9A1E7A4F7556}") = "BankingRemoteMaui", "BankingRemoteMaui\BankingRemoteMaui.csproj", "{65ACA7BB-35C6-4912-B236-4EDBF27A18EC}"
EndProject
Project("{9A19103F-16F7-4668-BE54-9A1E7A4F7556}") = "BankingRemoteApi", "BankingRemoteApi\BankingRemoteApi.csproj", "{920E1FB0-FCD8-4A54-8C07-FC853F65149A}"
EndProject
Project("{FAE04EC0-301F-11D3-BF4B-00C04F79EFBC}") = "BankingRemoteCore", "BankingRemoteCore\BankingRemoteCore.csproj", "{8433A39B-F0C5-4254-AFA8-6A143A4E8407}"
EndProject
Global
	GlobalSection(SolutionConfigurationPlatforms) = preSolution
		Debug|Any CPU = Debug|Any CPU
		Release|Any CPU = Release|Any CPU
	EndGlobalSection
	GlobalSection(ProjectConfigurationPlatforms) = postSolution
		{65ACA7BB-35C6-4912-B236-4EDBF27A18EC}.Debug|Any CPU.ActiveCfg = Debug|Any CPU
		{65ACA7BB-35C6-4912-B236-4EDBF27A18EC}.Debug|Any CPU.Build.0 = Debug|Any CPU
		{65ACA7BB-35C6-4912-B236-4EDBF27A18EC}.Debug|Any CPU.Deploy.0 = Debug|Any CPU
		{65ACA7BB-35C6-4912-B236-4EDBF27A18EC}.Release|Any CPU.ActiveCfg = Release|Any CPU
		{65ACA7BB-35C6-4912-B236-4EDBF27A18EC}.Release|Any CPU.Build.0 = Release|Any CPU
		{65ACA7BB-35C6-4912-B236-4EDBF27A18EC}.Release|Any CPU.Deploy.0 = Release|Any CPU
		{920E1FB0-FCD8-4A54-8C07-FC853F65149A}.Debug|Any CPU.ActiveCfg = Debug|Any CPU
		{920E1FB0-FCD8-4A54-8C07-FC853F65149A}.Debug|Any CPU.Build.0 = Debug|Any CPU
		{920E1FB0-FCD8-4A54-8C07-FC853F65149A}.Release|Any CPU.ActiveCfg = Release|Any CPU
		{920E1FB0-FCD8-4A54-8C07-FC853F65149A}.Release|Any CPU.Build.0 = Release|Any CPU
		{8433A39B-F0C5-4254-AFA8-6A143A4E8407}.Debug|Any CPU.ActiveCfg = Debug|Any CPU
		{8433A39B-F0C5-4254-AFA8-6A143A4E8407}.Debug|Any CPU.Build.0 = Debug|Any CPU
		{8433A39B-F0C5-4254-AFA8-6A143A4E8407}.Release|Any CPU.ActiveCfg = Release|Any CPU
		{8433A39B-F0C5-4254-AFA8-6A143A4E8407}.Release|Any CPU.Build.0 = Release|Any CPU
	EndGlobalSection
	GlobalSection(SolutionProperties) = preSolution
		HideSolutionNode = FALSE
	EndGlobalSection
	GlobalSection(ExtensibilityGlobals) = postSolution
		SolutionGuid = {F3E1918D-EE9A-4473-A049-576490E9B65A}
	EndGlobalSection
EndGlobal
